// !$*UTF8*$!
{
	archiveVersion = 1;
	classes = {
	};
	objectVersion = 56;
	objects = {

/* Begin PBXBuildFile section */
		900B00812A5DA8E7003F4D0B /* Kingfisher in Frameworks */ = {isa = PBXBuildFile; productRef = 900B00802A5DA8E7003F4D0B /* Kingfisher */; };
		900B00832A5DC8C6003F4D0B /* CustomGrid.swift in Sources */ = {isa = PBXBuildFile; fileRef = 900B00822A5DC8C6003F4D0B /* CustomGrid.swift */; };
		90AEF2842A5C5B2900682E86 /* Smartway_TZApp.swift in Sources */ = {isa = PBXBuildFile; fileRef = 90AEF2832A5C5B2900682E86 /* Smartway_TZApp.swift */; };
		90AEF2862A5C5B2900682E86 /* ContentView.swift in Sources */ = {isa = PBXBuildFile; fileRef = 90AEF2852A5C5B2900682E86 /* ContentView.swift */; };
		90AEF2882A5C5B2B00682E86 /* Assets.xcassets in Resources */ = {isa = PBXBuildFile; fileRef = 90AEF2872A5C5B2B00682E86 /* Assets.xcassets */; };
		90AEF28B2A5C5B2B00682E86 /* Preview Assets.xcassets in Resources */ = {isa = PBXBuildFile; fileRef = 90AEF28A2A5C5B2B00682E86 /* Preview Assets.xcassets */; };
		90AEF2962A5C6E6C00682E86 /* ContentViewModel.swift in Sources */ = {isa = PBXBuildFile; fileRef = 90AEF2952A5C6E6C00682E86 /* ContentViewModel.swift */; };
		90AEF2982A5C6E7B00682E86 /* Models.swift in Sources */ = {isa = PBXBuildFile; fileRef = 90AEF2972A5C6E7B00682E86 /* Models.swift */; };
		90AEF29A2A5C6F4A00682E86 /* NetworkService.swift in Sources */ = {isa = PBXBuildFile; fileRef = 90AEF2992A5C6F4A00682E86 /* NetworkService.swift */; };
		90AEF29C2A5C7FBB00682E86 /* NetworkResponse.swift in Sources */ = {isa = PBXBuildFile; fileRef = 90AEF29B2A5C7FBB00682E86 /* NetworkResponse.swift */; };
		90AEF29E2A5C803200682E86 /* NetworkServiceDelegate.swift in Sources */ = {isa = PBXBuildFile; fileRef = 90AEF29D2A5C803200682E86 /* NetworkServiceDelegate.swift */; };
/* End PBXBuildFile section */

/* Begin PBXFileReference section */
		900B00822A5DC8C6003F4D0B /* CustomGrid.swift */ = {isa = PBXFileReference; lastKnownFileType = sourcecode.swift; path = CustomGrid.swift; sourceTree = "<group>"; };
		90AEF2802A5C5B2900682E86 /* Smartway_TZ.app */ = {isa = PBXFileReference; explicitFileType = wrapper.application; includeInIndex = 0; path = Smartway_TZ.app; sourceTree = BUILT_PRODUCTS_DIR; };
		90AEF2832A5C5B2900682E86 /* Smartway_TZApp.swift */ = {isa = PBXFileReference; lastKnownFileType = sourcecode.swift; path = Smartway_TZApp.swift; sourceTree = "<group>"; };
		90AEF2852A5C5B2900682E86 /* ContentView.swift */ = {isa = PBXFileReference; lastKnownFileType = sourcecode.swift; path = ContentView.swift; sourceTree = "<group>"; };
		90AEF2872A5C5B2B00682E86 /* Assets.xcassets */ = {isa = PBXFileReference; lastKnownFileType = folder.assetcatalog; path = Assets.xcassets; sourceTree = "<group>"; };
		90AEF28A2A5C5B2B00682E86 /* Preview Assets.xcassets */ = {isa = PBXFileReference; lastKnownFileType = folder.assetcatalog; path = "Preview Assets.xcassets"; sourceTree = "<group>"; };
		90AEF2952A5C6E6C00682E86 /* ContentViewModel.swift */ = {isa = PBXFileReference; lastKnownFileType = sourcecode.swift; path = ContentViewModel.swift; sourceTree = "<group>"; };
		90AEF2972A5C6E7B00682E86 /* Models.swift */ = {isa = PBXFileReference; lastKnownFileType = sourcecode.swift; path = Models.swift; sourceTree = "<group>"; };
		90AEF2992A5C6F4A00682E86 /* NetworkService.swift */ = {isa = PBXFileReference; lastKnownFileType = sourcecode.swift; path = NetworkService.swift; sourceTree = "<group>"; };
		90AEF29B2A5C7FBB00682E86 /* NetworkResponse.swift */ = {isa = PBXFileReference; lastKnownFileType = sourcecode.swift; path = NetworkResponse.swift; sourceTree = "<group>"; };
		90AEF29D2A5C803200682E86 /* NetworkServiceDelegate.swift */ = {isa = PBXFileReference; lastKnownFileType = sourcecode.swift; path = NetworkServiceDelegate.swift; sourceTree = "<group>"; };
/* End PBXFileReference section */

/* Begin PBXFrameworksBuildPhase section */
		90AEF27D2A5C5B2900682E86 /* Frameworks */ = {
			isa = PBXFrameworksBuildPhase;
			buildActionMask = 2147483647;
			files = (
				900B00812A5DA8E7003F4D0B /* Kingfisher in Frameworks */,
			);
			runOnlyForDeploymentPostprocessing = 0;
		};
/* End PBXFrameworksBuildPhase section */

/* Begin PBXGroup section */
		90AEF2772A5C5B2900682E86 = {
			isa = PBXGroup;
			children = (
				90AEF2822A5C5B2900682E86 /* Smartway_TZ */,
				90AEF2812A5C5B2900682E86 /* Products */,
			);
			sourceTree = "<group>";
		};
		90AEF2812A5C5B2900682E86 /* Products */ = {
			isa = PBXGroup;
			children = (
				90AEF2802A5C5B2900682E86 /* Smartway_TZ.app */,
			);
			name = Products;
			sourceTree = "<group>";
		};
		90AEF2822A5C5B2900682E86 /* Smartway_TZ */ = {
			isa = PBXGroup;
			children = (
				90AEF2832A5C5B2900682E86 /* Smartway_TZApp.swift */,
				90AEF2942A5C5C3200682E86 /* Service */,
				90AEF2932A5C5C2E00682E86 /* Model */,
				90AEF2922A5C5C2800682E86 /* ViewModel */,
				90AEF2912A5C5C2400682E86 /* View */,
				90AEF2872A5C5B2B00682E86 /* Assets.xcassets */,
				90AEF2892A5C5B2B00682E86 /* Preview Content */,
			);
			path = Smartway_TZ;
			sourceTree = "<group>";
		};
		90AEF2892A5C5B2B00682E86 /* Preview Content */ = {
			isa = PBXGroup;
			children = (
				90AEF28A2A5C5B2B00682E86 /* Preview Assets.xcassets */,
			);
			path = "Preview Content";
			sourceTree = "<group>";
		};
		90AEF2912A5C5C2400682E86 /* View */ = {
			isa = PBXGroup;
			children = (
				90AEF2852A5C5B2900682E86 /* ContentView.swift */,
				900B00822A5DC8C6003F4D0B /* CustomGrid.swift */,
			);
			path = View;
			sourceTree = "<group>";
		};
		90AEF2922A5C5C2800682E86 /* ViewModel */ = {
			isa = PBXGroup;
			children = (
				90AEF2952A5C6E6C00682E86 /* ContentViewModel.swift */,
			);
			path = ViewModel;
			sourceTree = "<group>";
		};
		90AEF2932A5C5C2E00682E86 /* Model */ = {
			isa = PBXGroup;
			children = (
				90AEF2972A5C6E7B00682E86 /* Models.swift */,
			);
			path = Model;
			sourceTree = "<group>";
		};
		90AEF2942A5C5C3200682E86 /* Service */ = {
			isa = PBXGroup;
			children = (
				90AEF2992A5C6F4A00682E86 /* NetworkService.swift */,
				90AEF29D2A5C803200682E86 /* NetworkServiceDelegate.swift */,
				90AEF29B2A5C7FBB00682E86 /* NetworkResponse.swift */,
			);
			path = Service;
			sourceTree = "<group>";
		};
/* End PBXGroup section */

/* Begin PBXNativeTarget section */
		90AEF27F2A5C5B2900682E86 /* Smartway_TZ */ = {
			isa = PBXNativeTarget;
			buildConfigurationList = 90AEF28E2A5C5B2B00682E86 /* Build configuration list for PBXNativeTarget "Smartway_TZ" */;
			buildPhases = (
				90AEF27C2A5C5B2900682E86 /* Sources */,
				90AEF27D2A5C5B2900682E86 /* Frameworks */,
				90AEF27E2A5C5B2900682E86 /* Resources */,
			);
			buildRules = (
			);
			dependencies = (
			);
			name = Smartway_TZ;
			packageProductDependencies = (
				900B00802A5DA8E7003F4D0B /* Kingfisher */,
			);
			productName = Smartway_TZ;
			productReference = 90AEF2802A5C5B2900682E86 /* Smartway_TZ.app */;
			productType = "com.apple.product-type.application";
		};
/* End PBXNativeTarget section */

/* Begin PBXProject section */
		90AEF2782A5C5B2900682E86 /* Project object */ = {
			isa = PBXProject;
			attributes = {
				BuildIndependentTargetsInParallel = 1;
				LastSwiftUpdateCheck = 1430;
				LastUpgradeCheck = 1430;
				TargetAttributes = {
					90AEF27F2A5C5B2900682E86 = {
						CreatedOnToolsVersion = 14.3.1;
					};
				};
			};
			buildConfigurationList = 90AEF27B2A5C5B2900682E86 /* Build configuration list for PBXProject "Smartway_TZ" */;
			compatibilityVersion = "Xcode 14.0";
			developmentRegion = en;
			hasScannedForEncodings = 0;
			knownRegions = (
				en,
				Base,
			);
			mainGroup = 90AEF2772A5C5B2900682E86;
			packageReferences = (
				900B007F2A5DA8E6003F4D0B /* XCRemoteSwiftPackageReference "Kingfisher" */,
			);
			productRefGroup = 90AEF2812A5C5B2900682E86 /* Products */;
			projectDirPath = "";
			projectRoot = "";
			targets = (
				90AEF27F2A5C5B2900682E86 /* Smartway_TZ */,
			);
		};
/* End PBXProject section */

/* Begin PBXResourcesBuildPhase section */
		90AEF27E2A5C5B2900682E86 /* Resources */ = {
			isa = PBXResourcesBuildPhase;
			buildActionMask = 2147483647;
			files = (
				90AEF28B2A5C5B2B00682E86 /* Preview Assets.xcassets in Resources */,
				90AEF2882A5C5B2B00682E86 /* Assets.xcassets in Resources */,
			);
			runOnlyForDeploymentPostprocessing = 0;
		};
/* End PBXResourcesBuildPhase section */

/* Begin PBXSourcesBuildPhase section */
		90AEF27C2A5C5B2900682E86 /* Sources */ = {
			isa = PBXSourcesBuildPhase;
			buildActionMask = 2147483647;
			files = (
				90AEF29A2A5C6F4A00682E86 /* NetworkService.swift in Sources */,
				90AEF29E2A5C803200682E86 /* NetworkServiceDelegate.swift in Sources */,
				90AEF2862A5C5B2900682E86 /* ContentView.swift in Sources */,
				90AEF2842A5C5B2900682E86 /* Smartway_TZApp.swift in Sources */,
				900B00832A5DC8C6003F4D0B /* CustomGrid.swift in Sources */,
				90AEF2962A5C6E6C00682E86 /* ContentViewModel.swift in Sources */,
				90AEF2982A5C6E7B00682E86 /* Models.swift in Sources */,
				90AEF29C2A5C7FBB00682E86 /* NetworkResponse.swift in Sources */,
			);
			runOnlyForDeploymentPostprocessing = 0;
		};
/* End PBXSourcesBuildPhase section */

/* Begin XCBuildConfiguration section */
		90AEF28C2A5C5B2B00682E86 /* Debug */ = {
			isa = XCBuildConfiguration;
			buildSettings = {
				ALWAYS_SEARCH_USER_PATHS = NO;
				CLANG_ANALYZER_NONNULL = YES;
				CLANG_ANALYZER_NUMBER_OBJECT_CONVERSION = YES_AGGRESSIVE;
				CLANG_CXX_LANGUAGE_STANDARD = "gnu++20";
				CLANG_ENABLE_MODULES = YES;
				CLANG_ENABLE_OBJC_ARC = YES;
				CLANG_ENABLE_OBJC_WEAK = YES;
				CLANG_WARN_BLOCK_CAPTURE_AUTORELEASING = YES;
				CLANG_WARN_BOOL_CONVERSION = YES;
				CLANG_WARN_COMMA = YES;
				CLANG_WARN_CONSTANT_CONVERSION = YES;
				CLANG_WARN_DEPRECATED_OBJC_IMPLEMENTATIONS = YES;
				CLANG_WARN_DIRECT_OBJC_ISA_USAGE = YES_ERROR;
				CLANG_WARN_DOCUMENTATION_COMMENTS = YES;
				CLANG_WARN_EMPTY_BODY = YES;
				CLANG_WARN_ENUM_CONVERSION = YES;
				CLANG_WARN_INFINITE_RECURSION = YES;
				CLANG_WARN_INT_CONVERSION = YES;
				CLANG_WARN_NON_LITERAL_NULL_CONVERSION = YES;
				CLANG_WARN_OBJC_IMPLICIT_RETAIN_SELF = YES;
				CLANG_WARN_OBJC_LITERAL_CONVERSION = YES;
				CLANG_WARN_OBJC_ROOT_CLASS = YES_ERROR;
				CLANG_WARN_QUOTED_INCLUDE_IN_FRAMEWORK_HEADER = YES;
				CLANG_WARN_RANGE_LOOP_ANALYSIS = YES;
				CLANG_WARN_STRICT_PROTOTYPES = YES;
				CLANG_WARN_SUSPICIOUS_MOVE = YES;
				CLANG_WARN_UNGUARDED_AVAILABILITY = YES_AGGRESSIVE;
				CLANG_WARN_UNREACHABLE_CODE = YES;
				CLANG_WARN__DUPLICATE_METHOD_MATCH = YES;
				COPY_PHASE_STRIP = NO;
				DEBUG_INFORMATION_FORMAT = dwarf;
				ENABLE_STRICT_OBJC_MSGSEND = YES;
				ENABLE_TESTABILITY = YES;
				GCC_C_LANGUAGE_STANDARD = gnu11;
				GCC_DYNAMIC_NO_PIC = NO;
				GCC_NO_COMMON_BLOCKS = YES;
				GCC_OPTIMIZATION_LEVEL = 0;
				GCC_PREPROCESSOR_DEFINITIONS = (
					"DEBUG=1",
					"$(inherited)",
				);
				GCC_WARN_64_TO_32_BIT_CONVERSION = YES;
				GCC_WARN_ABOUT_RETURN_TYPE = YES_ERROR;
				GCC_WARN_UNDECLARED_SELECTOR = YES;
				GCC_WARN_UNINITIALIZED_AUTOS = YES_AGGRESSIVE;
				GCC_WARN_UNUSED_FUNCTION = YES;
				GCC_WARN_UNUSED_VARIABLE = YES;
				IPHONEOS_DEPLOYMENT_TARGET = 14.0;
				MTL_ENABLE_DEBUG_INFO = INCLUDE_SOURCE;
				MTL_FAST_MATH = YES;
				ONLY_ACTIVE_ARCH = YES;
				SDKROOT = iphoneos;
				SWIFT_ACTIVE_COMPILATION_CONDITIONS = DEBUG;
				SWIFT_OPTIMIZATION_LEVEL = "-Onone";
			};
			name = Debug;
		};
		90AEF28D2A5C5B2B00682E86 /* Release */ = {
			isa = XCBuildConfiguration;
			buildSettings = {
				ALWAYS_SEARCH_USER_PATHS = NO;
				CLANG_ANALYZER_NONNULL = YES;
				CLANG_ANALYZER_NUMBER_OBJECT_CONVERSION = YES_AGGRESSIVE;
				CLANG_CXX_LANGUAGE_STANDARD = "gnu++20";
				CLANG_ENABLE_MODULES = YES;
				CLANG_ENABLE_OBJC_ARC = YES;
				CLANG_ENABLE_OBJC_WEAK = YES;
				CLANG_WARN_BLOCK_CAPTURE_AUTORELEASING = YES;
				CLANG_WARN_BOOL_CONVERSION = YES;
				CLANG_WARN_COMMA = YES;
				CLANG_WARN_CONSTANT_CONVERSION = YES;
				CLANG_WARN_DEPRECATED_OBJC_IMPLEMENTATIONS = YES;
				CLANG_WARN_DIRECT_OBJC_ISA_USAGE = YES_ERROR;
				CLANG_WARN_DOCUMENTATION_COMMENTS = YES;
				CLANG_WARN_EMPTY_BODY = YES;
				CLANG_WARN_ENUM_CONVERSION = YES;
				CLANG_WARN_INFINITE_RECURSION = YES;
				CLANG_WARN_INT_CONVERSION = YES;
				CLANG_WARN_NON_LITERAL_NULL_CONVERSION = YES;
				CLANG_WARN_OBJC_IMPLICIT_RETAIN_SELF = YES;
				CLANG_WARN_OBJC_LITERAL_CONVERSION = YES;
				CLANG_WARN_OBJC_ROOT_CLASS = YES_ERROR;
				CLANG_WARN_QUOTED_INCLUDE_IN_FRAMEWORK_HEADER = YES;
				CLANG_WARN_RANGE_LOOP_ANALYSIS = YES;
				CLANG_WARN_STRICT_PROTOTYPES = YES;
				CLANG_WARN_SUSPICIOUS_MOVE = YES;
				CLANG_WARN_UNGUARDED_AVAILABILITY = YES_AGGRESSIVE;
				CLANG_WARN_UNREACHABLE_CODE = YES;
				CLANG_WARN__DUPLICATE_METHOD_MATCH = YES;
				COPY_PHASE_STRIP = NO;
				DEBUG_INFORMATION_FORMAT = "dwarf-with-dsym";
				ENABLE_NS_ASSERTIONS = NO;
				ENABLE_STRICT_OBJC_MSGSEND = YES;
				GCC_C_LANGUAGE_STANDARD = gnu11;
				GCC_NO_COMMON_BLOCKS = YES;
				GCC_WARN_64_TO_32_BIT_CONVERSION = YES;
				GCC_WARN_ABOUT_RETURN_TYPE = YES_ERROR;
				GCC_WARN_UNDECLARED_SELECTOR = YES;
				GCC_WARN_UNINITIALIZED_AUTOS = YES_AGGRESSIVE;
				GCC_WARN_UNUSED_FUNCTION = YES;
				GCC_WARN_UNUSED_VARIABLE = YES;
				IPHONEOS_DEPLOYMENT_TARGET = 14.0;
				MTL_ENABLE_DEBUG_INFO = NO;
				MTL_FAST_MATH = YES;
				SDKROOT = iphoneos;
				SWIFT_COMPILATION_MODE = wholemodule;
				SWIFT_OPTIMIZATION_LEVEL = "-O";
				VALIDATE_PRODUCT = YES;
			};
			name = Release;
		};
		90AEF28F2A5C5B2B00682E86 /* Debug */ = {
			isa = XCBuildConfiguration;
			buildSettings = {
				ASSETCATALOG_COMPILER_APPICON_NAME = AppIcon;
				ASSETCATALOG_COMPILER_GLOBAL_ACCENT_COLOR_NAME = AccentColor;
				CODE_SIGN_STYLE = Automatic;
				CURRENT_PROJECT_VERSION = 1;
				DEVELOPMENT_ASSET_PATHS = "\"Smartway_TZ/Preview Content\"";
				DEVELOPMENT_TEAM = A3JHD7MWF8;
				ENABLE_PREVIEWS = YES;
				GENERATE_INFOPLIST_FILE = YES;
				INFOPLIST_KEY_UIApplicationSceneManifest_Generation = YES;
				INFOPLIST_KEY_UIApplicationSupportsIndirectInputEvents = YES;
				INFOPLIST_KEY_UILaunchScreen_Generation = YES;
				INFOPLIST_KEY_UISupportedInterfaceOrientations_iPad = "UIInterfaceOrientationPortrait UIInterfaceOrientationPortraitUpsideDown UIInterfaceOrientationLandscapeLeft UIInterfaceOrientationLandscapeRight";
				INFOPLIST_KEY_UISupportedInterfaceOrientations_iPhone = "UIInterfaceOrientationPortrait UIInterfaceOrientationLandscapeLeft UIInterfaceOrientationLandscapeRight";
				IPHONEOS_DEPLOYMENT_TARGET = 14.0;
				LD_RUNPATH_SEARCH_PATHS = (
					"$(inherited)",
					"@executable_path/Frameworks",
				);
				MARKETING_VERSION = 1.0;
				PRODUCT_BUNDLE_IDENTIFIER = "com.pavelkrivtsov.Smartway-TZ";
				PRODUCT_NAME = "$(TARGET_NAME)";
				SUPPORTED_PLATFORMS = "iphoneos iphonesimulator";
				SUPPORTS_MACCATALYST = NO;
				SUPPORTS_MAC_DESIGNED_FOR_IPHONE_IPAD = NO;
				SWIFT_EMIT_LOC_STRINGS = YES;
				SWIFT_VERSION = 5.0;
				TARGETED_DEVICE_FAMILY = 1;
			};
			name = Debug;
		};
		90AEF2902A5C5B2B00682E86 /* Release */ = {
			isa = XCBuildConfiguration;
			buildSettings = {
				ASSETCATALOG_COMPILER_APPICON_NAME = AppIcon;
				ASSETCATALOG_COMPILER_GLOBAL_ACCENT_COLOR_NAME = AccentColor;
				CODE_SIGN_STYLE = Automatic;
				CURRENT_PROJECT_VERSION = 1;
				DEVELOPMENT_ASSET_PATHS = "\"Smartway_TZ/Preview Content\"";
				DEVELOPMENT_TEAM = A3JHD7MWF8;
				ENABLE_PREVIEWS = YES;
				GENERATE_INFOPLIST_FILE = YES;
				INFOPLIST_KEY_UIApplicationSceneManifest_Generation = YES;
				INFOPLIST_KEY_UIApplicationSupportsIndirectInputEvents = YES;
				INFOPLIST_KEY_UILaunchScreen_Generation = YES;
				INFOPLIST_KEY_UISupportedInterfaceOrientations_iPad = "UIInterfaceOrientationPortrait UIInterfaceOrientationPortraitUpsideDown UIInterfaceOrientationLandscapeLeft UIInterfaceOrientationLandscapeRight";
				INFOPLIST_KEY_UISupportedInterfaceOrientations_iPhone = "UIInterfaceOrientationPortrait UIInterfaceOrientationLandscapeLeft UIInterfaceOrientationLandscapeRight";
				IPHONEOS_DEPLOYMENT_TARGET = 14.0;
				LD_RUNPATH_SEARCH_PATHS = (
					"$(inherited)",
					"@executable_path/Frameworks",
				);
				MARKETING_VERSION = 1.0;
				PRODUCT_BUNDLE_IDENTIFIER = "com.pavelkrivtsov.Smartway-TZ";
				PRODUCT_NAME = "$(TARGET_NAME)";
				SUPPORTED_PLATFORMS = "iphoneos iphonesimulator";
				SUPPORTS_MACCATALYST = NO;
				SUPPORTS_MAC_DESIGNED_FOR_IPHONE_IPAD = NO;
				SWIFT_EMIT_LOC_STRINGS = YES;
				SWIFT_VERSION = 5.0;
				TARGETED_DEVICE_FAMILY = 1;
			};
			name = Release;
		};
/* End XCBuildConfiguration section */

/* Begin XCConfigurationList section */
		90AEF27B2A5C5B2900682E86 /* Build configuration list for PBXProject "Smartway_TZ" */ = {
			isa = XCConfigurationList;
			buildConfigurations = (
				90AEF28C2A5C5B2B00682E86 /* Debug */,
				90AEF28D2A5C5B2B00682E86 /* Release */,
			);
			defaultConfigurationIsVisible = 0;
			defaultConfigurationName = Release;
		};
		90AEF28E2A5C5B2B00682E86 /* Build configuration list for PBXNativeTarget "Smartway_TZ" */ = {
			isa = XCConfigurationList;
			buildConfigurations = (
				90AEF28F2A5C5B2B00682E86 /* Debug */,
				90AEF2902A5C5B2B00682E86 /* Release */,
			);
			defaultConfigurationIsVisible = 0;
			defaultConfigurationName = Release;
		};
/* End XCConfigurationList section */

/* Begin XCRemoteSwiftPackageReference section */
		900B007F2A5DA8E6003F4D0B /* XCRemoteSwiftPackageReference "Kingfisher" */ = {
			isa = XCRemoteSwiftPackageReference;
			repositoryURL = "https://github.com/onevcat/Kingfisher";
			requirement = {
				kind = upToNextMajorVersion;
				minimumVersion = 7.0.0;
			};
		};
/* End XCRemoteSwiftPackageReference section */

/* Begin XCSwiftPackageProductDependency section */
		900B00802A5DA8E7003F4D0B /* Kingfisher */ = {
			isa = XCSwiftPackageProductDependency;
			package = 900B007F2A5DA8E6003F4D0B /* XCRemoteSwiftPackageReference "Kingfisher" */;
			productName = Kingfisher;
		};
/* End XCSwiftPackageProductDependency section */
	};
	rootObject = 90AEF2782A5C5B2900682E86 /* Project object */;
}
